// !$*UTF8*$!
{
	archiveVersion = 1;
	classes = {
	};
	objectVersion = 77;
	objects = {

/* Begin PBXContainerItemProxy section */
		F01E2BC22DDCF66200F83BCE /* PBXContainerItemProxy */ = {
			isa = PBXContainerItemProxy;
			containerPortal = F01E2BAC2DDCF66100F83BCE /* Project object */;
			proxyType = 1;
			remoteGlobalIDString = F01E2BB32DDCF66100F83BCE;
			remoteInfo = AniMoney;
		};
		F01E2BCC2DDCF66200F83BCE /* PBXContainerItemProxy */ = {
			isa = PBXContainerItemProxy;
			containerPortal = F01E2BAC2DDCF66100F83BCE /* Project object */;
			proxyType = 1;
			remoteGlobalIDString = F01E2BB32DDCF66100F83BCE;
			remoteInfo = AniMoney;
		};
/* End PBXContainerItemProxy section */

/* Begin PBXFileReference section */
		F01E2BB42DDCF66100F83BCE /* AniMoney.app */ = {isa = PBXFileReference; explicitFileType = wrapper.application; includeInIndex = 0; path = AniMoney.app; sourceTree = BUILT_PRODUCTS_DIR; };
		F01E2BC12DDCF66200F83BCE /* AniMoneyTests.xctest */ = {isa = PBXFileReference; explicitFileType = wrapper.cfbundle; includeInIndex = 0; path = AniMoneyTests.xctest; sourceTree = BUILT_PRODUCTS_DIR; };
		F01E2BCB2DDCF66200F83BCE /* AniMoneyUITests.xctest */ = {isa = PBXFileReference; explicitFileType = wrapper.cfbundle; includeInIndex = 0; path = AniMoneyUITests.xctest; sourceTree = BUILT_PRODUCTS_DIR; };
/* End PBXFileReference section */

/* Begin PBXFileSystemSynchronizedRootGroup section */
		F01E2BB62DDCF66100F83BCE /* AniMoney */ = {
			isa = PBXFileSystemSynchronizedRootGroup;
			path = AniMoney;
			sourceTree = "<group>";
		};
		F01E2BC42DDCF66200F83BCE /* AniMoneyTests */ = {
			isa = PBXFileSystemSynchronizedRootGroup;
			path = AniMoneyTests;
			sourceTree = "<group>";
		};
		F01E2BCE2DDCF66200F83BCE /* AniMoneyUITests */ = {
			isa = PBXFileSystemSynchronizedRootGroup;
			path = AniMoneyUITests;
			sourceTree = "<group>";
		};
/* End PBXFileSystemSynchronizedRootGroup section */

/* Begin PBXFrameworksBuildPhase section */
		F01E2BB12DDCF66100F83BCE /* Frameworks */ = {
			isa = PBXFrameworksBuildPhase;
			buildActionMask = 2147483647;
			files = (
			);
			runOnlyForDeploymentPostprocessing = 0;
		};
		F01E2BBE2DDCF66200F83BCE /* Frameworks */ = {
			isa = PBXFrameworksBuildPhase;
			buildActionMask = 2147483647;
			files = (
			);
			runOnlyForDeploymentPostprocessing = 0;
		};
		F01E2BC82DDCF66200F83BCE /* Frameworks */ = {
			isa = PBXFrameworksBuildPhase;
			buildActionMask = 2147483647;
			files = (
			);
			runOnlyForDeploymentPostprocessing = 0;
		};
/* End PBXFrameworksBuildPhase section */

/* Begin PBXGroup section */
		F01E2BAB2DDCF66100F83BCE = {
			isa = PBXGroup;
			children = (
				F01E2BB62DDCF66100F83BCE /* AniMoney */,
				F01E2BC42DDCF66200F83BCE /* AniMoneyTests */,
				F01E2BCE2DDCF66200F83BCE /* AniMoneyUITests */,
				F01E2BB52DDCF66100F83BCE /* Products */,
			);
			sourceTree = "<group>";
		};
		F01E2BB52DDCF66100F83BCE /* Products */ = {
			isa = PBXGroup;
			children = (
				F01E2BB42DDCF66100F83BCE /* AniMoney.app */,
				F01E2BC12DDCF66200F83BCE /* AniMoneyTests.xctest */,
				F01E2BCB2DDCF66200F83BCE /* AniMoneyUITests.xctest */,
			);
			name = Products;
			sourceTree = "<group>";
		};
/* End PBXGroup section */

/* Begin PBXNativeTarget section */
		F01E2BB32DDCF66100F83BCE /* AniMoney */ = {
			isa = PBXNativeTarget;
			buildConfigurationList = F01E2BD52DDCF66200F83BCE /* Build configuration list for PBXNativeTarget "AniMoney" */;
			buildPhases = (
				F01E2BB02DDCF66100F83BCE /* Sources */,
				F01E2BB12DDCF66100F83BCE /* Frameworks */,
				F01E2BB22DDCF66100F83BCE /* Resources */,
			);
			buildRules = (
			);
			dependencies = (
			);
			fileSystemSynchronizedGroups = (
				F01E2BB62DDCF66100F83BCE /* AniMoney */,
			);
			name = AniMoney;
			packageProductDependencies = (
			);
			productName = AniMoney;
			productReference = F01E2BB42DDCF66100F83BCE /* AniMoney.app */;
			productType = "com.apple.product-type.application";
		};
		F01E2BC02DDCF66200F83BCE /* AniMoneyTests */ = {
			isa = PBXNativeTarget;
			buildConfigurationList = F01E2BD82DDCF66200F83BCE /* Build configuration list for PBXNativeTarget "AniMoneyTests" */;
			buildPhases = (
				F01E2BBD2DDCF66200F83BCE /* Sources */,
				F01E2BBE2DDCF66200F83BCE /* Frameworks */,
				F01E2BBF2DDCF66200F83BCE /* Resources */,
			);
			buildRules = (
			);
			dependencies = (
				F01E2BC32DDCF66200F83BCE /* PBXTargetDependency */,
			);
			fileSystemSynchronizedGroups = (
				F01E2BC42DDCF66200F83BCE /* AniMoneyTests */,
			);
			name = AniMoneyTests;
			packageProductDependencies = (
			);
			productName = AniMoneyTests;
			productReference = F01E2BC12DDCF66200F83BCE /* AniMoneyTests.xctest */;
			productType = "com.apple.product-type.bundle.unit-test";
		};
		F01E2BCA2DDCF66200F83BCE /* AniMoneyUITests */ = {
			isa = PBXNativeTarget;
			buildConfigurationList = F01E2BDB2DDCF66200F83BCE /* Build configuration list for PBXNativeTarget "AniMoneyUITests" */;
			buildPhases = (
				F01E2BC72DDCF66200F83BCE /* Sources */,
				F01E2BC82DDCF66200F83BCE /* Frameworks */,
				F01E2BC92DDCF66200F83BCE /* Resources */,
			);
			buildRules = (
			);
			dependencies = (
				F01E2BCD2DDCF66200F83BCE /* PBXTargetDependency */,
			);
			fileSystemSynchronizedGroups = (
				F01E2BCE2DDCF66200F83BCE /* AniMoneyUITests */,
			);
			name = AniMoneyUITests;
			packageProductDependencies = (
			);
			productName = AniMoneyUITests;
			productReference = F01E2BCB2DDCF66200F83BCE /* AniMoneyUITests.xctest */;
			productType = "com.apple.product-type.bundle.ui-testing";
		};
/* End PBXNativeTarget section */

/* Begin PBXProject section */
		F01E2BAC2DDCF66100F83BCE /* Project object */ = {
			isa = PBXProject;
			attributes = {
				BuildIndependentTargetsInParallel = 1;
				LastSwiftUpdateCheck = 1630;
				LastUpgradeCheck = 1630;
				TargetAttributes = {
					F01E2BB32DDCF66100F83BCE = {
						CreatedOnToolsVersion = 16.3;
					};
					F01E2BC02DDCF66200F83BCE = {
						CreatedOnToolsVersion = 16.3;
						TestTargetID = F01E2BB32DDCF66100F83BCE;
					};
					F01E2BCA2DDCF66200F83BCE = {
						CreatedOnToolsVersion = 16.3;
						TestTargetID = F01E2BB32DDCF66100F83BCE;
					};
				};
			};
			buildConfigurationList = F01E2BAF2DDCF66100F83BCE /* Build configuration list for PBXProject "AniMoney" */;
			developmentRegion = en;
			hasScannedForEncodings = 0;
			knownRegions = (
				en,
				Base,
			);
			mainGroup = F01E2BAB2DDCF66100F83BCE;
			minimizedProjectReferenceProxies = 1;
			preferredProjectObjectVersion = 77;
			productRefGroup = F01E2BB52DDCF66100F83BCE /* Products */;
			projectDirPath = "";
			projectRoot = "";
			targets = (
				F01E2BB32DDCF66100F83BCE /* AniMoney */,
				F01E2BC02DDCF66200F83BCE /* AniMoneyTests */,
				F01E2BCA2DDCF66200F83BCE /* AniMoneyUITests */,
			);
		};
/* End PBXProject section */

/* Begin PBXResourcesBuildPhase section */
		F01E2BB22DDCF66100F83BCE /* Resources */ = {
			isa = PBXResourcesBuildPhase;
			buildActionMask = 2147483647;
			files = (
			);
			runOnlyForDeploymentPostprocessing = 0;
		};
		F01E2BBF2DDCF66200F83BCE /* Resources */ = {
			isa = PBXResourcesBuildPhase;
			buildActionMask = 2147483647;
			files = (
			);
			runOnlyForDeploymentPostprocessing = 0;
		};
		F01E2BC92DDCF66200F83BCE /* Resources */ = {
			isa = PBXResourcesBuildPhase;
			buildActionMask = 2147483647;
			files = (
			);
			runOnlyForDeploymentPostprocessing = 0;
		};
/* End PBXResourcesBuildPhase section */

/* Begin PBXSourcesBuildPhase section */
		F01E2BB02DDCF66100F83BCE /* Sources */ = {
			isa = PBXSourcesBuildPhase;
			buildActionMask = 2147483647;
			files = (
			);
			runOnlyForDeploymentPostprocessing = 0;
		};
		F01E2BBD2DDCF66200F83BCE /* Sources */ = {
			isa = PBXSourcesBuildPhase;
			buildActionMask = 2147483647;
			files = (
			);
			runOnlyForDeploymentPostprocessing = 0;
		};
		F01E2BC72DDCF66200F83BCE /* Sources */ = {
			isa = PBXSourcesBuildPhase;
			buildActionMask = 2147483647;
			files = (
			);
			runOnlyForDeploymentPostprocessing = 0;
		};
/* End PBXSourcesBuildPhase section */

/* Begin PBXTargetDependency section */
		F01E2BC32DDCF66200F83BCE /* PBXTargetDependency */ = {
			isa = PBXTargetDependency;
			target = F01E2BB32DDCF66100F83BCE /* AniMoney */;
			targetProxy = F01E2BC22DDCF66200F83BCE /* PBXContainerItemProxy */;
		};
		F01E2BCD2DDCF66200F83BCE /* PBXTargetDependency */ = {
			isa = PBXTargetDependency;
			target = F01E2BB32DDCF66100F83BCE /* AniMoney */;
			targetProxy = F01E2BCC2DDCF66200F83BCE /* PBXContainerItemProxy */;
		};
/* End PBXTargetDependency section */

/* Begin XCBuildConfiguration section */
		F01E2BD32DDCF66200F83BCE /* Debug */ = {
			isa = XCBuildConfiguration;
			buildSettings = {
				ALWAYS_SEARCH_USER_PATHS = NO;
				ASSETCATALOG_COMPILER_GENERATE_SWIFT_ASSET_SYMBOL_EXTENSIONS = YES;
				CLANG_ANALYZER_NONNULL = YES;
				CLANG_ANALYZER_NUMBER_OBJECT_CONVERSION = YES_AGGRESSIVE;
				CLANG_CXX_LANGUAGE_STANDARD = "gnu++20";
				CLANG_ENABLE_MODULES = YES;
				CLANG_ENABLE_OBJC_ARC = YES;
				CLANG_ENABLE_OBJC_WEAK = YES;
				CLANG_WARN_BLOCK_CAPTURE_AUTORELEASING = YES;
				CLANG_WARN_BOOL_CONVERSION = YES;
				CLANG_WARN_COMMA = YES;
				CLANG_WARN_CONSTANT_CONVERSION = YES;
				CLANG_WARN_DEPRECATED_OBJC_IMPLEMENTATIONS = YES;
				CLANG_WARN_DIRECT_OBJC_ISA_USAGE = YES_ERROR;
				CLANG_WARN_DOCUMENTATION_COMMENTS = YES;
				CLANG_WARN_EMPTY_BODY = YES;
				CLANG_WARN_ENUM_CONVERSION = YES;
				CLANG_WARN_INFINITE_RECURSION = YES;
				CLANG_WARN_INT_CONVERSION = YES;
				CLANG_WARN_NON_LITERAL_NULL_CONVERSION = YES;
				CLANG_WARN_OBJC_IMPLICIT_RETAIN_SELF = YES;
				CLANG_WARN_OBJC_LITERAL_CONVERSION = YES;
				CLANG_WARN_OBJC_ROOT_CLASS = YES_ERROR;
				CLANG_WARN_QUOTED_INCLUDE_IN_FRAMEWORK_HEADER = YES;
				CLANG_WARN_RANGE_LOOP_ANALYSIS = YES;
				CLANG_WARN_STRICT_PROTOTYPES = YES;
				CLANG_WARN_SUSPICIOUS_MOVE = YES;
				CLANG_WARN_UNGUARDED_AVAILABILITY = YES_AGGRESSIVE;
				CLANG_WARN_UNREACHABLE_CODE = YES;
				CLANG_WARN__DUPLICATE_METHOD_MATCH = YES;
				COPY_PHASE_STRIP = NO;
				DEBUG_INFORMATION_FORMAT = dwarf;
				ENABLE_STRICT_OBJC_MSGSEND = YES;
				ENABLE_TESTABILITY = YES;
				ENABLE_USER_SCRIPT_SANDBOXING = YES;
				GCC_C_LANGUAGE_STANDARD = gnu17;
				GCC_DYNAMIC_NO_PIC = NO;
				GCC_NO_COMMON_BLOCKS = YES;
				GCC_OPTIMIZATION_LEVEL = 0;
				GCC_PREPROCESSOR_DEFINITIONS = (
					"DEBUG=1",
					"$(inherited)",
				);
				GCC_WARN_64_TO_32_BIT_CONVERSION = YES;
				GCC_WARN_ABOUT_RETURN_TYPE = YES_ERROR;
				GCC_WARN_UNDECLARED_SELECTOR = YES;
				GCC_WARN_UNINITIALIZED_AUTOS = YES_AGGRESSIVE;
				GCC_WARN_UNUSED_FUNCTION = YES;
				GCC_WARN_UNUSED_VARIABLE = YES;
				IPHONEOS_DEPLOYMENT_TARGET = 18.4;
				LOCALIZATION_PREFERS_STRING_CATALOGS = YES;
				MTL_ENABLE_DEBUG_INFO = INCLUDE_SOURCE;
				MTL_FAST_MATH = YES;
				ONLY_ACTIVE_ARCH = YES;
				SDKROOT = iphoneos;
				SWIFT_ACTIVE_COMPILATION_CONDITIONS = "DEBUG $(inherited)";
				SWIFT_OPTIMIZATION_LEVEL = "-Onone";
			};
			name = Debug;
		};
		F01E2BD42DDCF66200F83BCE /* Release */ = {
			isa = XCBuildConfiguration;
			buildSettings = {
				ALWAYS_SEARCH_USER_PATHS = NO;
				ASSETCATALOG_COMPILER_GENERATE_SWIFT_ASSET_SYMBOL_EXTENSIONS = YES;
				CLANG_ANALYZER_NONNULL = YES;
				CLANG_ANALYZER_NUMBER_OBJECT_CONVERSION = YES_AGGRESSIVE;
				CLANG_CXX_LANGUAGE_STANDARD = "gnu++20";
				CLANG_ENABLE_MODULES = YES;
				CLANG_ENABLE_OBJC_ARC = YES;
				CLANG_ENABLE_OBJC_WEAK = YES;
				CLANG_WARN_BLOCK_CAPTURE_AUTORELEASING = YES;
				CLANG_WARN_BOOL_CONVERSION = YES;
				CLANG_WARN_COMMA = YES;
				CLANG_WARN_CONSTANT_CONVERSION = YES;
				CLANG_WARN_DEPRECATED_OBJC_IMPLEMENTATIONS = YES;
				CLANG_WARN_DIRECT_OBJC_ISA_USAGE = YES_ERROR;
				CLANG_WARN_DOCUMENTATION_COMMENTS = YES;
				CLANG_WARN_EMPTY_BODY = YES;
				CLANG_WARN_ENUM_CONVERSION = YES;
				CLANG_WARN_INFINITE_RECURSION = YES;
				CLANG_WARN_INT_CONVERSION = YES;
				CLANG_WARN_NON_LITERAL_NULL_CONVERSION = YES;
				CLANG_WARN_OBJC_IMPLICIT_RETAIN_SELF = YES;
				CLANG_WARN_OBJC_LITERAL_CONVERSION = YES;
				CLANG_WARN_OBJC_ROOT_CLASS = YES_ERROR;
				CLANG_WARN_QUOTED_INCLUDE_IN_FRAMEWORK_HEADER = YES;
				CLANG_WARN_RANGE_LOOP_ANALYSIS = YES;
				CLANG_WARN_STRICT_PROTOTYPES = YES;
				CLANG_WARN_SUSPICIOUS_MOVE = YES;
				CLANG_WARN_UNGUARDED_AVAILABILITY = YES_AGGRESSIVE;
				CLANG_WARN_UNREACHABLE_CODE = YES;
				CLANG_WARN__DUPLICATE_METHOD_MATCH = YES;
				COPY_PHASE_STRIP = NO;
				DEBUG_INFORMATION_FORMAT = "dwarf-with-dsym";
				ENABLE_NS_ASSERTIONS = NO;
				ENABLE_STRICT_OBJC_MSGSEND = YES;
				ENABLE_USER_SCRIPT_SANDBOXING = YES;
				GCC_C_LANGUAGE_STANDARD = gnu17;
				GCC_NO_COMMON_BLOCKS = YES;
				GCC_WARN_64_TO_32_BIT_CONVERSION = YES;
				GCC_WARN_ABOUT_RETURN_TYPE = YES_ERROR;
				GCC_WARN_UNDECLARED_SELECTOR = YES;
				GCC_WARN_UNINITIALIZED_AUTOS = YES_AGGRESSIVE;
				GCC_WARN_UNUSED_FUNCTION = YES;
				GCC_WARN_UNUSED_VARIABLE = YES;
				IPHONEOS_DEPLOYMENT_TARGET = 18.4;
				LOCALIZATION_PREFERS_STRING_CATALOGS = YES;
				MTL_ENABLE_DEBUG_INFO = NO;
				MTL_FAST_MATH = YES;
				SDKROOT = iphoneos;
				SWIFT_COMPILATION_MODE = wholemodule;
				VALIDATE_PRODUCT = YES;
			};
			name = Release;
		};
		F01E2BD62DDCF66200F83BCE /* Debug */ = {
			isa = XCBuildConfiguration;
			buildSettings = {
				ASSETCATALOG_COMPILER_APPICON_NAME = AppIcon;
				ASSETCATALOG_COMPILER_GLOBAL_ACCENT_COLOR_NAME = AccentColor;
				CODE_SIGN_STYLE = Automatic;
				CURRENT_PROJECT_VERSION = 1;
				DEVELOPMENT_TEAM = Q6GKSTK6TC;
				ENABLE_PREVIEWS = YES;
				GENERATE_INFOPLIST_FILE = YES;
				INFOPLIST_KEY_UIApplicationSceneManifest_Generation = YES;
				INFOPLIST_KEY_UIApplicationSupportsIndirectInputEvents = YES;
				INFOPLIST_KEY_UILaunchScreen_Generation = YES;
				INFOPLIST_KEY_UISupportedInterfaceOrientations_iPad = "UIInterfaceOrientationPortrait UIInterfaceOrientationPortraitUpsideDown UIInterfaceOrientationLandscapeLeft UIInterfaceOrientationLandscapeRight";
				INFOPLIST_KEY_UISupportedInterfaceOrientations_iPhone = "UIInterfaceOrientationPortrait UIInterfaceOrientationLandscapeLeft UIInterfaceOrientationLandscapeRight";
				LD_RUNPATH_SEARCH_PATHS = (
					"$(inherited)",
					"@executable_path/Frameworks",
				);
				MARKETING_VERSION = 1.0;
				PRODUCT_BUNDLE_IDENTIFIER = papaChong.AniMoney;
				PRODUCT_NAME = "$(TARGET_NAME)";
				SWIFT_EMIT_LOC_STRINGS = YES;
				SWIFT_VERSION = 5.0;
				TARGETED_DEVICE_FAMILY = "1,2";
			};
			name = Debug;
		};
		F01E2BD72DDCF66200F83BCE /* Release */ = {
			isa = XCBuildConfiguration;
			buildSettings = {
				ASSETCATALOG_COMPILER_APPICON_NAME = AppIcon;
				ASSETCATALOG_COMPILER_GLOBAL_ACCENT_COLOR_NAME = AccentColor;
				CODE_SIGN_STYLE = Automatic;
				CURRENT_PROJECT_VERSION = 1;
				DEVELOPMENT_TEAM = Q6GKSTK6TC;
				ENABLE_PREVIEWS = YES;
				GENERATE_INFOPLIST_FILE = YES;
				INFOPLIST_KEY_UIApplicationSceneManifest_Generation = YES;
				INFOPLIST_KEY_UIApplicationSupportsIndirectInputEvents = YES;
				INFOPLIST_KEY_UILaunchScreen_Generation = YES;
				INFOPLIST_KEY_UISupportedInterfaceOrientations_iPad = "UIInterfaceOrientationPortrait UIInterfaceOrientationPortraitUpsideDown UIInterfaceOrientationLandscapeLeft UIInterfaceOrientationLandscapeRight";
				INFOPLIST_KEY_UISupportedInterfaceOrientations_iPhone = "UIInterfaceOrientationPortrait UIInterfaceOrientationLandscapeLeft UIInterfaceOrientationLandscapeRight";
				LD_RUNPATH_SEARCH_PATHS = (
					"$(inherited)",
					"@executable_path/Frameworks",
				);
				MARKETING_VERSION = 1.0;
				PRODUCT_BUNDLE_IDENTIFIER = papaChong.AniMoney;
				PRODUCT_NAME = "$(TARGET_NAME)";
				SWIFT_EMIT_LOC_STRINGS = YES;
				SWIFT_VERSION = 5.0;
				TARGETED_DEVICE_FAMILY = "1,2";
			};
			name = Release;
		};
		F01E2BD92DDCF66200F83BCE /* Debug */ = {
			isa = XCBuildConfiguration;
			buildSettings = {
				BUNDLE_LOADER = "$(TEST_HOST)";
				CODE_SIGN_STYLE = Automatic;
				CURRENT_PROJECT_VERSION = 1;
				GENERATE_INFOPLIST_FILE = YES;
				IPHONEOS_DEPLOYMENT_TARGET = 18.4;
				MARKETING_VERSION = 1.0;
				PRODUCT_BUNDLE_IDENTIFIER = papaChong.AniMoneyTests;
				PRODUCT_NAME = "$(TARGET_NAME)";
				SWIFT_EMIT_LOC_STRINGS = NO;
				SWIFT_VERSION = 5.0;
				TARGETED_DEVICE_FAMILY = "1,2";
				TEST_HOST = "$(BUILT_PRODUCTS_DIR)/AniMoney.app/$(BUNDLE_EXECUTABLE_FOLDER_PATH)/AniMoney";
			};
			name = Debug;
		};
		F01E2BDA2DDCF66200F83BCE /* Release */ = {
			isa = XCBuildConfiguration;
			buildSettings = {
				BUNDLE_LOADER = "$(TEST_HOST)";
				CODE_SIGN_STYLE = Automatic;
				CURRENT_PROJECT_VERSION = 1;
				GENERATE_INFOPLIST_FILE = YES;
				IPHONEOS_DEPLOYMENT_TARGET = 18.4;
				MARKETING_VERSION = 1.0;
				PRODUCT_BUNDLE_IDENTIFIER = papaChong.AniMoneyTests;
				PRODUCT_NAME = "$(TARGET_NAME)";
				SWIFT_EMIT_LOC_STRINGS = NO;
				SWIFT_VERSION = 5.0;
				TARGETED_DEVICE_FAMILY = "1,2";
				TEST_HOST = "$(BUILT_PRODUCTS_DIR)/AniMoney.app/$(BUNDLE_EXECUTABLE_FOLDER_PATH)/AniMoney";
			};
			name = Release;
		};
		F01E2BDC2DDCF66200F83BCE /* Debug */ = {
			isa = XCBuildConfiguration;
			buildSettings = {
				CODE_SIGN_STYLE = Automatic;
				CURRENT_PROJECT_VERSION = 1;
				GENERATE_INFOPLIST_FILE = YES;
				MARKETING_VERSION = 1.0;
				PRODUCT_BUNDLE_IDENTIFIER = papaChong.AniMoneyUITests;
				PRODUCT_NAME = "$(TARGET_NAME)";
				SWIFT_EMIT_LOC_STRINGS = NO;
				SWIFT_VERSION = 5.0;
				TARGETED_DEVICE_FAMILY = "1,2";
				TEST_TARGET_NAME = AniMoney;
			};
			name = Debug;
		};
		F01E2BDD2DDCF66200F83BCE /* Release */ = {
			isa = XCBuildConfiguration;
			buildSettings = {
				CODE_SIGN_STYLE = Automatic;
				CURRENT_PROJECT_VERSION = 1;
				GENERATE_INFOPLIST_FILE = YES;
				MARKETING_VERSION = 1.0;
				PRODUCT_BUNDLE_IDENTIFIER = papaChong.AniMoneyUITests;
				PRODUCT_NAME = "$(TARGET_NAME)";
				SWIFT_EMIT_LOC_STRINGS = NO;
				SWIFT_VERSION = 5.0;
				TARGETED_DEVICE_FAMILY = "1,2";
				TEST_TARGET_NAME = AniMoney;
			};
			name = Release;
		};
/* End XCBuildConfiguration section */

/* Begin XCConfigurationList section */
		F01E2BAF2DDCF66100F83BCE /* Build configuration list for PBXProject "AniMoney" */ = {
			isa = XCConfigurationList;
			buildConfigurations = (
				F01E2BD32DDCF66200F83BCE /* Debug */,
				F01E2BD42DDCF66200F83BCE /* Release */,
			);
			defaultConfigurationIsVisible = 0;
			defaultConfigurationName = Release;
		};
		F01E2BD52DDCF66200F83BCE /* Build configuration list for PBXNativeTarget "AniMoney" */ = {
			isa = XCConfigurationList;
			buildConfigurations = (
				F01E2BD62DDCF66200F83BCE /* Debug */,
				F01E2BD72DDCF66200F83BCE /* Release */,
			);
			defaultConfigurationIsVisible = 0;
			defaultConfigurationName = Release;
		};
		F01E2BD82DDCF66200F83BCE /* Build configuration list for PBXNativeTarget "AniMoneyTests" */ = {
			isa = XCConfigurationList;
			buildConfigurations = (
				F01E2BD92DDCF66200F83BCE /* Debug */,
				F01E2BDA2DDCF66200F83BCE /* Release */,
			);
			defaultConfigurationIsVisible = 0;
			defaultConfigurationName = Release;
		};
		F01E2BDB2DDCF66200F83BCE /* Build configuration list for PBXNativeTarget "AniMoneyUITests" */ = {
			isa = XCConfigurationList;
			buildConfigurations = (
				F01E2BDC2DDCF66200F83BCE /* Debug */,
				F01E2BDD2DDCF66200F83BCE /* Release */,
			);
			defaultConfigurationIsVisible = 0;
			defaultConfigurationName = Release;
		};
/* End XCConfigurationList section */
	};
	rootObject = F01E2BAC2DDCF66100F83BCE /* Project object */;
}
